{
  "originHash" : "5d991e121379b35df4a46c61b1c09bf04222b193121689a6084203f1ae381219",
  "pins" : [
    {
      "identity" : "cxfoundation",
      "kind" : "remoteSourceControl",
      "location" : "https://github.com/Cunqi/CXFoundation.git",
      "state" : {
        "branch" : "master",
        "revision" : "0d1b69414bcc00e6320aa47cf5b37c1bbc88380d"
      }
    },
    {
      "identity" : "cxlazypage",
      "kind" : "remoteSourceControl",
      "location" : "https://github.com/Cunqi/CXLazyPage.git",
      "state" : {
        "branch" : "master",
        "revision" : "cf1260f665a9962e5eba7384f96528564a56abaf"
      }
    },
    {
      "identity" : "cxuicore",
      "kind" : "remoteSourceControl",
      "location" : "https://github.com/Cunqi/CXUICore.git",
      "state" : {
        "branch" : "master",
        "revision" : "26a019ad71f6412346eeaee42539a026f45f19e7"
      }
    }
  ],
  "version" : 3
}
