{
  "originHash" : "bbf6ae9cfb7c79fd90291949a54c249355e108724423710a9e0fcb90db911975",
  "pins" : [
    {
      "identity" : "cxfoundation",
      "kind" : "remoteSourceControl",
      "location" : "https://github.com/Cunqi/CXFoundation.git",
      "state" : {
        "branch" : "master",
        "revision" : "0d1b69414bcc00e6320aa47cf5b37c1bbc88380d"
      }
    },
    {
      "identity" : "cxlazypage",
      "kind" : "remoteSourceControl",
      "location" : "https://github.com/Cunqi/CXLazyPage.git",
      "state" : {
        "branch" : "master",
        "revision" : "ca7c7d70e8ada28d6895db04e6c2f344afedf2d3"
      }
    },
    {
      "identity" : "cxuicore",
      "kind" : "remoteSourceControl",
      "location" : "https://github.com/Cunqi/CXUICore.git",
      "state" : {
        "branch" : "master",
        "revision" : "26a019ad71f6412346eeaee42539a026f45f19e7"
      }
    }
  ],
  "version" : 3
}
