{
  "originHash" : "a5535e6c8985c274d106a08a6eff5d7c8616a3b94bb163a4eaa8ac929c3907d6",
  "pins" : [
    {
      "identity" : "cxfoundation",
      "kind" : "remoteSourceControl",
      "location" : "https://github.com/Cunqi/CXFoundation.git",
      "state" : {
        "branch" : "master",
        "revision" : "517b83687194c751bd9614f91882146907bf24d3"
      }
    },
    {
      "identity" : "cxuicore",
      "kind" : "remoteSourceControl",
      "location" : "https://github.com/Cunqi/CXUICore.git",
      "state" : {
        "branch" : "master",
        "revision" : "26a019ad71f6412346eeaee42539a026f45f19e7"
      }
    }
  ],
  "version" : 3
}
